
Microsoft Visual Studio Solution File, Format Version 12.00
# Visual Studio Version 17
VisualStudioVersion = 17.11.35222.181
MinimumVisualStudioVersion = 10.0.40219.1
Project("{FAE04EC0-301F-11D3-BF4B-00C04F79EFBC}") = "DjurSjukhus", "DjurSjukhus\DjurSjukhus.csproj", "{EE1EC76F-DBD9-4284-B55D-65DED996710E}"
EndProject
Global
	GlobalSection(SolutionConfigurationPlatforms) = preSolution
		Debug|Any CPU = Debug|Any CPU
		Release|Any CPU = Release|Any CPU
	EndGlobalSection
	GlobalSection(ProjectConfigurationPlatforms) = postSolution
		{EE1EC76F-DBD9-4284-B55D-65DED996710E}.Debug|Any CPU.ActiveCfg = Debug|Any CPU
		{EE1EC76F-DBD9-4284-B55D-65DED996710E}.Debug|Any CPU.Build.0 = Debug|Any CPU
		{EE1EC76F-DBD9-4284-B55D-65DED996710E}.Release|Any CPU.ActiveCfg = Release|Any CPU
		{EE1EC76F-DBD9-4284-B55D-65DED996710E}.Release|Any CPU.Build.0 = Release|Any CPU
	EndGlobalSection
	GlobalSection(SolutionProperties) = preSolution
		HideSolutionNode = FALSE
	EndGlobalSection
	GlobalSection(ExtensibilityGlobals) = postSolution
		SolutionGuid = {87624C2B-60DC-4301-AC00-3B40018429ED}
	EndGlobalSection
EndGlobal
